
Microsoft Visual Studio Solution File, Format Version 12.00
# Visual Studio 15
VisualStudioVersion = 15.0.28010.2048
MinimumVisualStudioVersion = 10.0.40219.1
Project("{FAE04EC0-301F-11D3-BF4B-00C04F79EFBC}") = "Aspit.StudentReg.Gui.Desktop", "Aspit.StudentReg.Gui.Desktop\Aspit.StudentReg.Gui.Desktop.csproj", "{6EE32AFE-E245-4DA1-9F2E-AB1DDCBB31A9}"
EndProject
Project("{FAE04EC0-301F-11D3-BF4B-00C04F79EFBC}") = "Aspit.StudentReg.Entities", "Aspit.StudentReg.Entities\Aspit.StudentReg.Entities.csproj", "{33880357-AE35-4016-BA88-DC226FE27C2B}"
EndProject
Project("{FAE04EC0-301F-11D3-BF4B-00C04F79EFBC}") = "Aspit.StudentReg.DataAccess", "Aspit.StudentReg.DataAccess\Aspit.StudentReg.DataAccess.csproj", "{4A72D160-56F8-4916-A0EF-A830A919CCC0}"
EndProject
Project("{FAE04EC0-301F-11D3-BF4B-00C04F79EFBC}") = "Aspit.StudentReg.Tests", "Aspit.StudentReg.Tests\Aspit.StudentReg.Tests.csproj", "{D1AA461B-D70A-4C77-AFFD-987199B2F75E}"
EndProject
Project("{FAE04EC0-301F-11D3-BF4B-00C04F79EFBC}") = "Aspit.StudentReg.DataAccessTests", "Aspit.StudentReg.DataAccessTests\Aspit.StudentReg.DataAccessTests.csproj", "{BFC9A833-0FB7-4CCA-AC06-48E894A72DD4}"
EndProject
Global
	GlobalSection(SolutionConfigurationPlatforms) = preSolution
		Debug|Any CPU = Debug|Any CPU
		Release|Any CPU = Release|Any CPU
	EndGlobalSection
	GlobalSection(ProjectConfigurationPlatforms) = postSolution
		{6EE32AFE-E245-4DA1-9F2E-AB1DDCBB31A9}.Debug|Any CPU.ActiveCfg = Debug|Any CPU
		{6EE32AFE-E245-4DA1-9F2E-AB1DDCBB31A9}.Debug|Any CPU.Build.0 = Debug|Any CPU
		{6EE32AFE-E245-4DA1-9F2E-AB1DDCBB31A9}.Release|Any CPU.ActiveCfg = Release|Any CPU
		{6EE32AFE-E245-4DA1-9F2E-AB1DDCBB31A9}.Release|Any CPU.Build.0 = Release|Any CPU
		{33880357-AE35-4016-BA88-DC226FE27C2B}.Debug|Any CPU.ActiveCfg = Debug|Any CPU
		{33880357-AE35-4016-BA88-DC226FE27C2B}.Debug|Any CPU.Build.0 = Debug|Any CPU
		{33880357-AE35-4016-BA88-DC226FE27C2B}.Release|Any CPU.ActiveCfg = Release|Any CPU
		{33880357-AE35-4016-BA88-DC226FE27C2B}.Release|Any CPU.Build.0 = Release|Any CPU
		{4A72D160-56F8-4916-A0EF-A830A919CCC0}.Debug|Any CPU.ActiveCfg = Debug|Any CPU
		{4A72D160-56F8-4916-A0EF-A830A919CCC0}.Debug|Any CPU.Build.0 = Debug|Any CPU
		{4A72D160-56F8-4916-A0EF-A830A919CCC0}.Release|Any CPU.ActiveCfg = Release|Any CPU
		{4A72D160-56F8-4916-A0EF-A830A919CCC0}.Release|Any CPU.Build.0 = Release|Any CPU
		{D1AA461B-D70A-4C77-AFFD-987199B2F75E}.Debug|Any CPU.ActiveCfg = Debug|Any CPU
		{D1AA461B-D70A-4C77-AFFD-987199B2F75E}.Debug|Any CPU.Build.0 = Debug|Any CPU
		{D1AA461B-D70A-4C77-AFFD-987199B2F75E}.Release|Any CPU.ActiveCfg = Release|Any CPU
		{D1AA461B-D70A-4C77-AFFD-987199B2F75E}.Release|Any CPU.Build.0 = Release|Any CPU
		{BFC9A833-0FB7-4CCA-AC06-48E894A72DD4}.Debug|Any CPU.ActiveCfg = Debug|Any CPU
		{BFC9A833-0FB7-4CCA-AC06-48E894A72DD4}.Debug|Any CPU.Build.0 = Debug|Any CPU
		{BFC9A833-0FB7-4CCA-AC06-48E894A72DD4}.Release|Any CPU.ActiveCfg = Release|Any CPU
		{BFC9A833-0FB7-4CCA-AC06-48E894A72DD4}.Release|Any CPU.Build.0 = Release|Any CPU
	EndGlobalSection
	GlobalSection(SolutionProperties) = preSolution
		HideSolutionNode = FALSE
	EndGlobalSection
	GlobalSection(ExtensibilityGlobals) = postSolution
		SolutionGuid = {70C9D9C4-EF41-4716-BDFF-EBDA721F20F0}
	EndGlobalSection
EndGlobal
